// !$*UTF8*$!
{
	archiveVersion = 1;
	classes = {
	};
	objectVersion = 46;
	objects = {

/* Begin PBXBuildFile section */
		C81518A51F2493B0006CE795 /* AppDelegate.swift in Sources */ = {isa = PBXBuildFile; fileRef = C81518A41F2493B0006CE795 /* AppDelegate.swift */; };
		C81518A71F2493B0006CE795 /* ViewController.swift in Sources */ = {isa = PBXBuildFile; fileRef = C81518A61F2493B0006CE795 /* ViewController.swift */; };
		C81518AA1F2493B0006CE795 /* Main.storyboard in Resources */ = {isa = PBXBuildFile; fileRef = C81518A81F2493B0006CE795 /* Main.storyboard */; };
		C81518AC1F2493B0006CE795 /* Assets.xcassets in Resources */ = {isa = PBXBuildFile; fileRef = C81518AB1F2493B0006CE795 /* Assets.xcassets */; };
		C81518AF1F2493B0006CE795 /* LaunchScreen.storyboard in Resources */ = {isa = PBXBuildFile; fileRef = C81518AD1F2493B0006CE795 /* LaunchScreen.storyboard */; };
/* End PBXBuildFile section */

/* Begin PBXFileReference section */
		C81518A11F2493B0006CE795 /* SwiftJsonLesson.app */ = {isa = PBXFileReference; explicitFileType = wrapper.application; includeInIndex = 0; path = SwiftJsonLesson.app; sourceTree = BUILT_PRODUCTS_DIR; };
		C81518A41F2493B0006CE795 /* AppDelegate.swift */ = {isa = PBXFileReference; lastKnownFileType = sourcecode.swift; path = AppDelegate.swift; sourceTree = "<group>"; };
		C81518A61F2493B0006CE795 /* ViewController.swift */ = {isa = PBXFileReference; lastKnownFileType = sourcecode.swift; path = ViewController.swift; sourceTree = "<group>"; };
		C81518A91F2493B0006CE795 /* Base */ = {isa = PBXFileReference; lastKnownFileType = file.storyboard; name = Base; path = Base.lproj/Main.storyboard; sourceTree = "<group>"; };
		C81518AB1F2493B0006CE795 /* Assets.xcassets */ = {isa = PBXFileReference; lastKnownFileType = folder.assetcatalog; path = Assets.xcassets; sourceTree = "<group>"; };
		C81518AE1F2493B0006CE795 /* Base */ = {isa = PBXFileReference; lastKnownFileType = file.storyboard; name = Base; path = Base.lproj/LaunchScreen.storyboard; sourceTree = "<group>"; };
		C81518B01F2493B0006CE795 /* Info.plist */ = {isa = PBXFileReference; lastKnownFileType = text.plist.xml; path = Info.plist; sourceTree = "<group>"; };
/* End PBXFileReference section */

/* Begin PBXFrameworksBuildPhase section */
		C815189E1F2493B0006CE795 /* Frameworks */ = {
			isa = PBXFrameworksBuildPhase;
			buildActionMask = 2147483647;
			files = (
			);
			runOnlyForDeploymentPostprocessing = 0;
		};
/* End PBXFrameworksBuildPhase section */

/* Begin PBXGroup section */
		C81518981F2493B0006CE795 = {
			isa = PBXGroup;
			children = (
				C81518A31F2493B0006CE795 /* SwiftJsonLesson */,
				C81518A21F2493B0006CE795 /* Products */,
			);
			sourceTree = "<group>";
		};
		C81518A21F2493B0006CE795 /* Products */ = {
			isa = PBXGroup;
			children = (
				C81518A11F2493B0006CE795 /* SwiftJsonLesson.app */,
			);
			name = Products;
			sourceTree = "<group>";
		};
		C81518A31F2493B0006CE795 /* SwiftJsonLesson */ = {
			isa = PBXGroup;
			children = (
				C81518A41F2493B0006CE795 /* AppDelegate.swift */,
				C81518A61F2493B0006CE795 /* ViewController.swift */,
				C81518A81F2493B0006CE795 /* Main.storyboard */,
				C81518AB1F2493B0006CE795 /* Assets.xcassets */,
				C81518AD1F2493B0006CE795 /* LaunchScreen.storyboard */,
				C81518B01F2493B0006CE795 /* Info.plist */,
			);
			path = SwiftJsonLesson;
			sourceTree = "<group>";
		};
/* End PBXGroup section */

/* Begin PBXNativeTarget section */
		C81518A01F2493B0006CE795 /* SwiftJsonLesson */ = {
			isa = PBXNativeTarget;
			buildConfigurationList = C81518B31F2493B0006CE795 /* Build configuration list for PBXNativeTarget "SwiftJsonLesson" */;
			buildPhases = (
				C815189D1F2493B0006CE795 /* Sources */,
				C815189E1F2493B0006CE795 /* Frameworks */,
				C815189F1F2493B0006CE795 /* Resources */,
			);
			buildRules = (
			);
			dependencies = (
			);
			name = SwiftJsonLesson;
			productName = SwiftJsonLesson;
			productReference = C81518A11F2493B0006CE795 /* SwiftJsonLesson.app */;
			productType = "com.apple.product-type.application";
		};
/* End PBXNativeTarget section */

/* Begin PBXProject section */
		C81518991F2493B0006CE795 /* Project object */ = {
			isa = PBXProject;
			attributes = {
				LastSwiftUpdateCheck = 0830;
				LastUpgradeCheck = 0830;
				ORGANIZATIONNAME = "Дмитрий Ю";
				TargetAttributes = {
					C81518A01F2493B0006CE795 = {
						CreatedOnToolsVersion = 8.3.3;
						ProvisioningStyle = Automatic;
					};
				};
			};
			buildConfigurationList = C815189C1F2493B0006CE795 /* Build configuration list for PBXProject "SwiftJsonLesson" */;
			compatibilityVersion = "Xcode 3.2";
			developmentRegion = English;
			hasScannedForEncodings = 0;
			knownRegions = (
				en,
				Base,
			);
			mainGroup = C81518981F2493B0006CE795;
			productRefGroup = C81518A21F2493B0006CE795 /* Products */;
			projectDirPath = "";
			projectRoot = "";
			targets = (
				C81518A01F2493B0006CE795 /* SwiftJsonLesson */,
			);
		};
/* End PBXProject section */

/* Begin PBXResourcesBuildPhase section */
		C815189F1F2493B0006CE795 /* Resources */ = {
			isa = PBXResourcesBuildPhase;
			buildActionMask = 2147483647;
			files = (
				C81518AF1F2493B0006CE795 /* LaunchScreen.storyboard in Resources */,
				C81518AC1F2493B0006CE795 /* Assets.xcassets in Resources */,
				C81518AA1F2493B0006CE795 /* Main.storyboard in Resources */,
			);
			runOnlyForDeploymentPostprocessing = 0;
		};
/* End PBXResourcesBuildPhase section */

/* Begin PBXSourcesBuildPhase section */
		C815189D1F2493B0006CE795 /* Sources */ = {
			isa = PBXSourcesBuildPhase;
			buildActionMask = 2147483647;
			files = (
				C81518A71F2493B0006CE795 /* ViewController.swift in Sources */,
				C81518A51F2493B0006CE795 /* AppDelegate.swift in Sources */,
			);
			runOnlyForDeploymentPostprocessing = 0;
		};
/* End PBXSourcesBuildPhase section */

/* Begin PBXVariantGroup section */
		C81518A81F2493B0006CE795 /* Main.storyboard */ = {
			isa = PBXVariantGroup;
			children = (
				C81518A91F2493B0006CE795 /* Base */,
			);
			name = Main.storyboard;
			sourceTree = "<group>";
		};
		C81518AD1F2493B0006CE795 /* LaunchScreen.storyboard */ = {
			isa = PBXVariantGroup;
			children = (
				C81518AE1F2493B0006CE795 /* Base */,
			);
			name = LaunchScreen.storyboard;
			sourceTree = "<group>";
		};
/* End PBXVariantGroup section */

/* Begin XCBuildConfiguration section */
		C81518B11F2493B0006CE795 /* Debug */ = {
			isa = XCBuildConfiguration;
			buildSettings = {
				ALWAYS_SEARCH_USER_PATHS = NO;
				CLANG_ANALYZER_NONNULL = YES;
				CLANG_ANALYZER_NUMBER_OBJECT_CONVERSION = YES_AGGRESSIVE;
				CLANG_CXX_LANGUAGE_STANDARD = "gnu++0x";
				CLANG_CXX_LIBRARY = "libc++";
				CLANG_ENABLE_MODULES = YES;
				CLANG_ENABLE_OBJC_ARC = YES;
				CLANG_WARN_BOOL_CONVERSION = YES;
				CLANG_WARN_CONSTANT_CONVERSION = YES;
				CLANG_WARN_DIRECT_OBJC_ISA_USAGE = YES_ERROR;
				CLANG_WARN_DOCUMENTATION_COMMENTS = YES;
				CLANG_WARN_EMPTY_BODY = YES;
				CLANG_WARN_ENUM_CONVERSION = YES;
				CLANG_WARN_INFINITE_RECURSION = YES;
				CLANG_WARN_INT_CONVERSION = YES;
				CLANG_WARN_OBJC_ROOT_CLASS = YES_ERROR;
				CLANG_WARN_SUSPICIOUS_MOVE = YES;
				CLANG_WARN_UNREACHABLE_CODE = YES;
				CLANG_WARN__DUPLICATE_METHOD_MATCH = YES;
				"CODE_SIGN_IDENTITY[sdk=iphoneos*]" = "iPhone Developer";
				COPY_PHASE_STRIP = NO;
				DEBUG_INFORMATION_FORMAT = dwarf;
				ENABLE_STRICT_OBJC_MSGSEND = YES;
				ENABLE_TESTABILITY = YES;
				GCC_C_LANGUAGE_STANDARD = gnu99;
				GCC_DYNAMIC_NO_PIC = NO;
				GCC_NO_COMMON_BLOCKS = YES;
				GCC_OPTIMIZATION_LEVEL = 0;
				GCC_PREPROCESSOR_DEFINITIONS = (
					"DEBUG=1",
					"$(inherited)",
				);
				GCC_WARN_64_TO_32_BIT_CONVERSION = YES;
				GCC_WARN_ABOUT_RETURN_TYPE = YES_ERROR;
				GCC_WARN_UNDECLARED_SELECTOR = YES;
				GCC_WARN_UNINITIALIZED_AUTOS = YES_AGGRESSIVE;
				GCC_WARN_UNUSED_FUNCTION = YES;
				GCC_WARN_UNUSED_VARIABLE = YES;
				IPHONEOS_DEPLOYMENT_TARGET = 10.3;
				MTL_ENABLE_DEBUG_INFO = YES;
				ONLY_ACTIVE_ARCH = YES;
				SDKROOT = iphoneos;
				SWIFT_ACTIVE_COMPILATION_CONDITIONS = DEBUG;
				SWIFT_OPTIMIZATION_LEVEL = "-Onone";
			};
			name = Debug;
		};
		C81518B21F2493B0006CE795 /* Release */ = {
			isa = XCBuildConfiguration;
			buildSettings = {
				ALWAYS_SEARCH_USER_PATHS = NO;
				CLANG_ANALYZER_NONNULL = YES;
				CLANG_ANALYZER_NUMBER_OBJECT_CONVERSION = YES_AGGRESSIVE;
				CLANG_CXX_LANGUAGE_STANDARD = "gnu++0x";
				CLANG_CXX_LIBRARY = "libc++";
				CLANG_ENABLE_MODULES = YES;
				CLANG_ENABLE_OBJC_ARC = YES;
				CLANG_WARN_BOOL_CONVERSION = YES;
				CLANG_WARN_CONSTANT_CONVERSION = YES;
				CLANG_WARN_DIRECT_OBJC_ISA_USAGE = YES_ERROR;
				CLANG_WARN_DOCUMENTATION_COMMENTS = YES;
				CLANG_WARN_EMPTY_BODY = YES;
				CLANG_WARN_ENUM_CONVERSION = YES;
				CLANG_WARN_INFINITE_RECURSION = YES;
				CLANG_WARN_INT_CONVERSION = YES;
				CLANG_WARN_OBJC_ROOT_CLASS = YES_ERROR;
				CLANG_WARN_SUSPICIOUS_MOVE = YES;
				CLANG_WARN_UNREACHABLE_CODE = YES;
				CLANG_WARN__DUPLICATE_METHOD_MATCH = YES;
				"CODE_SIGN_IDENTITY[sdk=iphoneos*]" = "iPhone Developer";
				COPY_PHASE_STRIP = NO;
				DEBUG_INFORMATION_FORMAT = "dwarf-with-dsym";
				ENABLE_NS_ASSERTIONS = NO;
				ENABLE_STRICT_OBJC_MSGSEND = YES;
				GCC_C_LANGUAGE_STANDARD = gnu99;
				GCC_NO_COMMON_BLOCKS = YES;
				GCC_WARN_64_TO_32_BIT_CONVERSION = YES;
				GCC_WARN_ABOUT_RETURN_TYPE = YES_ERROR;
				GCC_WARN_UNDECLARED_SELECTOR = YES;
				GCC_WARN_UNINITIALIZED_AUTOS = YES_AGGRESSIVE;
				GCC_WARN_UNUSED_FUNCTION = YES;
				GCC_WARN_UNUSED_VARIABLE = YES;
				IPHONEOS_DEPLOYMENT_TARGET = 10.3;
				MTL_ENABLE_DEBUG_INFO = NO;
				SDKROOT = iphoneos;
				SWIFT_OPTIMIZATION_LEVEL = "-Owholemodule";
				VALIDATE_PRODUCT = YES;
			};
			name = Release;
		};
		C81518B41F2493B0006CE795 /* Debug */ = {
			isa = XCBuildConfiguration;
			buildSettings = {
				ASSETCATALOG_COMPILER_APPICON_NAME = AppIcon;
				INFOPLIST_FILE = SwiftJsonLesson/Info.plist;
				LD_RUNPATH_SEARCH_PATHS = "$(inherited) @executable_path/Frameworks";
				PRODUCT_BUNDLE_IDENTIFIER = Home.SwiftJsonLesson;
				PRODUCT_NAME = "$(TARGET_NAME)";
				SWIFT_VERSION = 3.0;
			};
			name = Debug;
		};
		C81518B51F2493B0006CE795 /* Release */ = {
			isa = XCBuildConfiguration;
			buildSettings = {
				ASSETCATALOG_COMPILER_APPICON_NAME = AppIcon;
				INFOPLIST_FILE = SwiftJsonLesson/Info.plist;
				LD_RUNPATH_SEARCH_PATHS = "$(inherited) @executable_path/Frameworks";
				PRODUCT_BUNDLE_IDENTIFIER = Home.SwiftJsonLesson;
				PRODUCT_NAME = "$(TARGET_NAME)";
				SWIFT_VERSION = 3.0;
			};
			name = Release;
		};
/* End XCBuildConfiguration section */

/* Begin XCConfigurationList section */
		C815189C1F2493B0006CE795 /* Build configuration list for PBXProject "SwiftJsonLesson" */ = {
			isa = XCConfigurationList;
			buildConfigurations = (
				C81518B11F2493B0006CE795 /* Debug */,
				C81518B21F2493B0006CE795 /* Release */,
			);
			defaultConfigurationIsVisible = 0;
			defaultConfigurationName = Release;
		};
		C81518B31F2493B0006CE795 /* Build configuration list for PBXNativeTarget "SwiftJsonLesson" */ = {
			isa = XCConfigurationList;
			buildConfigurations = (
				C81518B41F2493B0006CE795 /* Debug */,
				C81518B51F2493B0006CE795 /* Release */,
			);
			defaultConfigurationIsVisible = 0;
		};
/* End XCConfigurationList section */
	};
	rootObject = C81518991F2493B0006CE795 /* Project object */;
}
